
Microsoft Visual Studio Solution File, Format Version 12.00
# Visual Studio Version 17
VisualStudioVersion = 17.11.35312.102
MinimumVisualStudioVersion = 10.0.40219.1
Project("{FAE04EC0-301F-11D3-BF4B-00C04F79EFBC}") = "eCommerce_dotNet", "eCommerce_dotNet\eCommerce_dotNet.csproj", "{70F93C4B-8538-41A3-84F1-0243AA490D2D}"
EndProject
Global
	GlobalSection(SolutionConfigurationPlatforms) = preSolution
		Debug|Any CPU = Debug|Any CPU
		Release|Any CPU = Release|Any CPU
	EndGlobalSection
	GlobalSection(ProjectConfigurationPlatforms) = postSolution
		{70F93C4B-8538-41A3-84F1-0243AA490D2D}.Debug|Any CPU.ActiveCfg = Debug|Any CPU
		{70F93C4B-8538-41A3-84F1-0243AA490D2D}.Debug|Any CPU.Build.0 = Debug|Any CPU
		{70F93C4B-8538-41A3-84F1-0243AA490D2D}.Release|Any CPU.ActiveCfg = Release|Any CPU
		{70F93C4B-8538-41A3-84F1-0243AA490D2D}.Release|Any CPU.Build.0 = Release|Any CPU
	EndGlobalSection
	GlobalSection(SolutionProperties) = preSolution
		HideSolutionNode = FALSE
	EndGlobalSection
	GlobalSection(ExtensibilityGlobals) = postSolution
		SolutionGuid = {F3DAAC7D-6124-4EC0-9CEF-EEA46B5242F3}
	EndGlobalSection
EndGlobal
